{
	"name": "@liesmich/core",
	"version": "0.0.0",
	"lockfileVersion": 2,
	"requires": true,
	"packages": {
		"": {
			"name": "@liesmich/core",
			"version": "0.0.0",
			"license": "Apache-2.0",
			"dependencies": {
				"deepmerge": "~4.2.2",
				"markdown-it": "^12.0.4",
				"marked": "~2.0.0"
			},
			"devDependencies": {
				"@types/deepmerge": "^2.2.0",
				"@types/markdown-it": "^12.0.1",
				"@types/marked": "^2.0.0"
			},
			"engines": {
				"node": ">=10.0.0"
			}
		},
		"node_modules/@types/deepmerge": {
			"version": "2.2.0",
			"resolved": "https://registry.npmjs.org/@types/deepmerge/-/deepmerge-2.2.0.tgz",
			"integrity": "sha512-FEQYDHh6+Q+QXKSrIY46m+/lAmAj/bk4KpLaam+hArmzaVpMBHLcfwOH2Q2UOkWM7XsdY9PmZpGyPAjh/JRGhQ==",
			"deprecated": "This is a stub types definition. deepmerge provides its own type definitions, so you do not need this installed.",
			"dev": true,
			"dependencies": {
				"deepmerge": "*"
			}
		},
		"node_modules/@types/highlight.js": {
			"version": "9.12.4",
			"resolved": "https://registry.npmjs.org/@types/highlight.js/-/highlight.js-9.12.4.tgz",
			"integrity": "sha512-t2szdkwmg2JJyuCM20e8kR2X59WCE5Zkl4bzm1u1Oukjm79zpbiAv+QjnwLnuuV0WHEcX2NgUItu0pAMKuOPww==",
			"dev": true
		},
		"node_modules/@types/linkify-it": {
			"version": "3.0.1",
			"resolved": "https://registry.npmjs.org/@types/linkify-it/-/linkify-it-3.0.1.tgz",
			"integrity": "sha512-pQv3Sygwxxh6jYQzXaiyWDAHevJqWtqDUv6t11Sa9CPGiXny66II7Pl6PR8QO5OVysD6HYOkHMeBgIjLnk9SkQ==",
			"dev": true
		},
		"node_modules/@types/markdown-it": {
			"version": "12.0.1",
			"resolved": "https://registry.npmjs.org/@types/markdown-it/-/markdown-it-12.0.1.tgz",
			"integrity": "sha512-mHfT8j/XkPb1uLEfs0/C3se6nd+webC2kcqcy8tgcVr0GDEONv/xaQzAN+aQvkxQXk/jC0Q6mPS+0xhFwRF35g==",
			"dev": true,
			"dependencies": {
				"@types/highlight.js": "^9.7.0",
				"@types/linkify-it": "*",
				"@types/mdurl": "*"
			}
		},
		"node_modules/@types/marked": {
			"version": "2.0.0",
			"resolved": "https://registry.npmjs.org/@types/marked/-/marked-2.0.0.tgz",
			"integrity": "sha512-kSOVa3R6HJvFdd3UIbTYvrSBTPHjXhNErh7/8oSCKOwqdOkk4Oj8N77n+f6dsgd1jW3j3SU5EhnmRxPhNKOmtQ==",
			"dev": true
		},
		"node_modules/@types/mdurl": {
			"version": "1.0.2",
			"resolved": "https://registry.npmjs.org/@types/mdurl/-/mdurl-1.0.2.tgz",
			"integrity": "sha512-eC4U9MlIcu2q0KQmXszyn5Akca/0jrQmwDRgpAMJai7qBWq4amIQhZyNau4VYGtCeALvW1/NtjzJJ567aZxfKA==",
			"dev": true
		},
		"node_modules/argparse": {
			"version": "2.0.1",
			"resolved": "https://registry.npmjs.org/argparse/-/argparse-2.0.1.tgz",
			"integrity": "sha512-8+9WqebbFzpX9OR+Wa6O29asIogeRMzcGtAINdpMHHyAg10f05aSFVBbcEqGf/PXw1EjAZ+q2/bEBg3DvurK3Q=="
		},
		"node_modules/deepmerge": {
			"version": "4.2.2",
			"resolved": "https://registry.npmjs.org/deepmerge/-/deepmerge-4.2.2.tgz",
			"integrity": "sha512-FJ3UgI4gIl+PHZm53knsuSFpE+nESMr7M4v9QcgB7S63Kj/6WqMiFQJpBBYz1Pt+66bZpP3Q7Lye0Oo9MPKEdg==",
			"engines": {
				"node": ">=0.10.0"
			}
		},
		"node_modules/entities": {
			"version": "2.1.0",
			"resolved": "https://registry.npmjs.org/entities/-/entities-2.1.0.tgz",
			"integrity": "sha512-hCx1oky9PFrJ611mf0ifBLBRW8lUUVRlFolb5gWRfIELabBlbp9xZvrqZLZAs+NxFnbfQoeGd8wDkygjg7U85w==",
			"funding": {
				"url": "https://github.com/fb55/entities?sponsor=1"
			}
		},
		"node_modules/linkify-it": {
			"version": "3.0.2",
			"resolved": "https://registry.npmjs.org/linkify-it/-/linkify-it-3.0.2.tgz",
			"integrity": "sha512-gDBO4aHNZS6coiZCKVhSNh43F9ioIL4JwRjLZPkoLIY4yZFwg264Y5lu2x6rb1Js42Gh6Yqm2f6L2AJcnkzinQ==",
			"dependencies": {
				"uc.micro": "^1.0.1"
			}
		},
		"node_modules/markdown-it": {
			"version": "12.0.4",
			"resolved": "https://registry.npmjs.org/markdown-it/-/markdown-it-12.0.4.tgz",
			"integrity": "sha512-34RwOXZT8kyuOJy25oJNJoulO8L0bTHYWXcdZBYZqFnjIy3NgjeoM3FmPXIOFQ26/lSHYMr8oc62B6adxXcb3Q==",
			"dependencies": {
				"argparse": "^2.0.1",
				"entities": "~2.1.0",
				"linkify-it": "^3.0.1",
				"mdurl": "^1.0.1",
				"uc.micro": "^1.0.5"
			},
			"bin": {
				"markdown-it": "bin/markdown-it.js"
			}
		},
		"node_modules/marked": {
			"version": "2.0.0",
			"resolved": "https://registry.npmjs.org/marked/-/marked-2.0.0.tgz",
			"integrity": "sha512-NqRSh2+LlN2NInpqTQnS614Y/3NkVMFFU6sJlRFEpxJ/LHuK/qJECH7/fXZjk4VZstPW/Pevjil/VtSONsLc7Q==",
			"bin": {
				"marked": "bin/marked"
			},
			"engines": {
				"node": ">= 8.16.2"
			}
		},
		"node_modules/mdurl": {
			"version": "1.0.1",
			"resolved": "https://registry.npmjs.org/mdurl/-/mdurl-1.0.1.tgz",
			"integrity": "sha1-/oWy7HWlkDfyrf7BAP1sYBdhFS4="
		},
		"node_modules/uc.micro": {
			"version": "1.0.6",
			"resolved": "https://registry.npmjs.org/uc.micro/-/uc.micro-1.0.6.tgz",
			"integrity": "sha512-8Y75pvTYkLJW2hWQHXxoqRgV7qb9B+9vFEtidML+7koHUFapnVJAZ6cKs+Qjz5Aw3aZWHMC6u0wJE3At+nSGwA=="
		}
	},
	"dependencies": {
		"@types/deepmerge": {
			"version": "2.2.0",
			"resolved": "https://registry.npmjs.org/@types/deepmerge/-/deepmerge-2.2.0.tgz",
			"integrity": "sha512-FEQYDHh6+Q+QXKSrIY46m+/lAmAj/bk4KpLaam+hArmzaVpMBHLcfwOH2Q2UOkWM7XsdY9PmZpGyPAjh/JRGhQ==",
			"dev": true,
			"requires": {
				"deepmerge": "*"
			}
		},
		"@types/highlight.js": {
			"version": "9.12.4",
			"resolved": "https://registry.npmjs.org/@types/highlight.js/-/highlight.js-9.12.4.tgz",
			"integrity": "sha512-t2szdkwmg2JJyuCM20e8kR2X59WCE5Zkl4bzm1u1Oukjm79zpbiAv+QjnwLnuuV0WHEcX2NgUItu0pAMKuOPww==",
			"dev": true
		},
		"@types/linkify-it": {
			"version": "3.0.1",
			"resolved": "https://registry.npmjs.org/@types/linkify-it/-/linkify-it-3.0.1.tgz",
			"integrity": "sha512-pQv3Sygwxxh6jYQzXaiyWDAHevJqWtqDUv6t11Sa9CPGiXny66II7Pl6PR8QO5OVysD6HYOkHMeBgIjLnk9SkQ==",
			"dev": true
		},
		"@types/markdown-it": {
			"version": "12.0.1",
			"resolved": "https://registry.npmjs.org/@types/markdown-it/-/markdown-it-12.0.1.tgz",
			"integrity": "sha512-mHfT8j/XkPb1uLEfs0/C3se6nd+webC2kcqcy8tgcVr0GDEONv/xaQzAN+aQvkxQXk/jC0Q6mPS+0xhFwRF35g==",
			"dev": true,
			"requires": {
				"@types/highlight.js": "^9.7.0",
				"@types/linkify-it": "*",
				"@types/mdurl": "*"
			}
		},
		"@types/marked": {
			"version": "2.0.0",
			"resolved": "https://registry.npmjs.org/@types/marked/-/marked-2.0.0.tgz",
			"integrity": "sha512-kSOVa3R6HJvFdd3UIbTYvrSBTPHjXhNErh7/8oSCKOwqdOkk4Oj8N77n+f6dsgd1jW3j3SU5EhnmRxPhNKOmtQ==",
			"dev": true
		},
		"@types/mdurl": {
			"version": "1.0.2",
			"resolved": "https://registry.npmjs.org/@types/mdurl/-/mdurl-1.0.2.tgz",
			"integrity": "sha512-eC4U9MlIcu2q0KQmXszyn5Akca/0jrQmwDRgpAMJai7qBWq4amIQhZyNau4VYGtCeALvW1/NtjzJJ567aZxfKA==",
			"dev": true
		},
		"argparse": {
			"version": "2.0.1",
			"resolved": "https://registry.npmjs.org/argparse/-/argparse-2.0.1.tgz",
			"integrity": "sha512-8+9WqebbFzpX9OR+Wa6O29asIogeRMzcGtAINdpMHHyAg10f05aSFVBbcEqGf/PXw1EjAZ+q2/bEBg3DvurK3Q=="
		},
		"deepmerge": {
			"version": "4.2.2",
			"resolved": "https://registry.npmjs.org/deepmerge/-/deepmerge-4.2.2.tgz",
			"integrity": "sha512-FJ3UgI4gIl+PHZm53knsuSFpE+nESMr7M4v9QcgB7S63Kj/6WqMiFQJpBBYz1Pt+66bZpP3Q7Lye0Oo9MPKEdg=="
		},
		"entities": {
			"version": "2.1.0",
			"resolved": "https://registry.npmjs.org/entities/-/entities-2.1.0.tgz",
			"integrity": "sha512-hCx1oky9PFrJ611mf0ifBLBRW8lUUVRlFolb5gWRfIELabBlbp9xZvrqZLZAs+NxFnbfQoeGd8wDkygjg7U85w=="
		},
		"linkify-it": {
			"version": "3.0.2",
			"resolved": "https://registry.npmjs.org/linkify-it/-/linkify-it-3.0.2.tgz",
			"integrity": "sha512-gDBO4aHNZS6coiZCKVhSNh43F9ioIL4JwRjLZPkoLIY4yZFwg264Y5lu2x6rb1Js42Gh6Yqm2f6L2AJcnkzinQ==",
			"requires": {
				"uc.micro": "^1.0.1"
			}
		},
		"markdown-it": {
			"version": "12.0.4",
			"resolved": "https://registry.npmjs.org/markdown-it/-/markdown-it-12.0.4.tgz",
			"integrity": "sha512-34RwOXZT8kyuOJy25oJNJoulO8L0bTHYWXcdZBYZqFnjIy3NgjeoM3FmPXIOFQ26/lSHYMr8oc62B6adxXcb3Q==",
			"requires": {
				"argparse": "^2.0.1",
				"entities": "~2.1.0",
				"linkify-it": "^3.0.1",
				"mdurl": "^1.0.1",
				"uc.micro": "^1.0.5"
			}
		},
		"marked": {
			"version": "2.0.0",
			"resolved": "https://registry.npmjs.org/marked/-/marked-2.0.0.tgz",
			"integrity": "sha512-NqRSh2+LlN2NInpqTQnS614Y/3NkVMFFU6sJlRFEpxJ/LHuK/qJECH7/fXZjk4VZstPW/Pevjil/VtSONsLc7Q=="
		},
		"mdurl": {
			"version": "1.0.1",
			"resolved": "https://registry.npmjs.org/mdurl/-/mdurl-1.0.1.tgz",
			"integrity": "sha1-/oWy7HWlkDfyrf7BAP1sYBdhFS4="
		},
		"uc.micro": {
			"version": "1.0.6",
			"resolved": "https://registry.npmjs.org/uc.micro/-/uc.micro-1.0.6.tgz",
			"integrity": "sha512-8Y75pvTYkLJW2hWQHXxoqRgV7qb9B+9vFEtidML+7koHUFapnVJAZ6cKs+Qjz5Aw3aZWHMC6u0wJE3At+nSGwA=="
		}
	}
}
