{
	"name": "@liesmich/tree-walker",
	"version": "0.3.0",
	"lockfileVersion": 2,
	"requires": true,
	"packages": {
		"": {
			"name": "@liesmich/tree-walker",
			"version": "0.3.0",
			"license": "Apache-2.0",
			"devDependencies": {
				"@types/unist": "2.0.6"
			},
			"engines": {
				"node": ">=14.0.0"
			}
		},
		"../core": {
			"name": "@liesmich/core",
			"version": "0.0.1",
			"extraneous": true,
			"license": "Apache-2.0",
			"dependencies": {
				"remark-gfm": "~3.0.1",
				"remark-parse": "~10.0.1",
				"remark-stringify": "~10.0.2",
				"unified": "~10.1.2",
				"vfile": "~5.3.2"
			},
			"devDependencies": {
				"@types/mdast": "3.0.10",
				"@types/qs": "6.9.7",
				"@types/unist": "2.0.6"
			},
			"engines": {
				"node": ">=14.0.0"
			}
		},
		"node_modules/@types/unist": {
			"version": "2.0.6",
			"resolved": "https://registry.npmjs.org/@types/unist/-/unist-2.0.6.tgz",
			"integrity": "sha512-PBjIUxZHOuj0R15/xuwJYjFi+KZdNFrehocChv4g5hu6aFroHue8m0lBP0POdK2nKzbw0cgV1mws8+V/JAcEkQ==",
			"dev": true
		}
	},
	"dependencies": {
		"@types/unist": {
			"version": "2.0.6",
			"resolved": "https://registry.npmjs.org/@types/unist/-/unist-2.0.6.tgz",
			"integrity": "sha512-PBjIUxZHOuj0R15/xuwJYjFi+KZdNFrehocChv4g5hu6aFroHue8m0lBP0POdK2nKzbw0cgV1mws8+V/JAcEkQ==",
			"dev": true
		}
	}
}
