{
	"name": "@liesmich/converter",
	"version": "0.0.1",
	"lockfileVersion": 2,
	"requires": true,
	"packages": {
		"": {
			"name": "@liesmich/converter",
			"version": "0.0.1",
			"license": "Apache-2.0",
			"dependencies": {
				"qs": "~6.10.3",
				"unified": "~10.1.1",
				"vfile": "~5.2.1"
			},
			"devDependencies": {
				"@types/qs": "6.9.7",
				"@types/unist": "2.0.6",
				"remark-gfm": "3.0.1",
				"remark-parse": "10.0.1",
				"remark-stringify": "10.0.2"
			},
			"engines": {
				"node": ">=14.0.0 <17"
			}
		},
		"../core": {
			"name": "@liesmich/core",
			"version": "0.0.1",
			"extraneous": true,
			"license": "Apache-2.0",
			"dependencies": {
				"@types/mdast": "3.0.10"
			},
			"devDependencies": {
				"@types/unist": "2.0.6"
			},
			"engines": {
				"node": ">=14.0.0 <17"
			}
		},
		"../plugin": {
			"name": "@liesmich/plugin",
			"version": "0.0.1",
			"extraneous": true,
			"license": "Apache-2.0",
			"dependencies": {
				"@liesmich/core": "^0.0.1"
			},
			"devDependencies": {
				"@types/unist": "2.0.6"
			},
			"engines": {
				"node": ">=14.0.0 <17"
			}
		},
		"node_modules/@types/debug": {
			"version": "4.1.7",
			"dev": true,
			"license": "MIT",
			"dependencies": {
				"@types/ms": "*"
			}
		},
		"node_modules/@types/mdast": {
			"version": "3.0.10",
			"dev": true,
			"license": "MIT",
			"dependencies": {
				"@types/unist": "*"
			}
		},
		"node_modules/@types/ms": {
			"version": "0.7.31",
			"dev": true,
			"license": "MIT"
		},
		"node_modules/@types/qs": {
			"version": "6.9.7",
			"resolved": "https://registry.npmjs.org/@types/qs/-/qs-6.9.7.tgz",
			"integrity": "sha512-FGa1F62FT09qcrueBA6qYTrJPVDzah9a+493+o2PCXsesWHIn27G98TsSMs3WPNbZIEj4+VJf6saSFpvD+3Zsw==",
			"dev": true
		},
		"node_modules/@types/unist": {
			"version": "2.0.6",
			"license": "MIT"
		},
		"node_modules/bail": {
			"version": "2.0.2",
			"license": "MIT",
			"funding": {
				"type": "github",
				"url": "https://github.com/sponsors/wooorm"
			}
		},
		"node_modules/call-bind": {
			"version": "1.0.2",
			"resolved": "https://registry.npmjs.org/call-bind/-/call-bind-1.0.2.tgz",
			"integrity": "sha512-7O+FbCihrB5WGbFYesctwmTKae6rOiIzmz1icreWJ+0aA7LJfuqhEso2T9ncpcFtzMQtzXf2QGGueWJGTYsqrA==",
			"dependencies": {
				"function-bind": "^1.1.1",
				"get-intrinsic": "^1.0.2"
			},
			"funding": {
				"url": "https://github.com/sponsors/ljharb"
			}
		},
		"node_modules/ccount": {
			"version": "2.0.1",
			"dev": true,
			"license": "MIT",
			"funding": {
				"type": "github",
				"url": "https://github.com/sponsors/wooorm"
			}
		},
		"node_modules/character-entities": {
			"version": "2.0.1",
			"dev": true,
			"license": "MIT",
			"funding": {
				"type": "github",
				"url": "https://github.com/sponsors/wooorm"
			}
		},
		"node_modules/debug": {
			"version": "4.3.3",
			"dev": true,
			"license": "MIT",
			"dependencies": {
				"ms": "2.1.2"
			},
			"engines": {
				"node": ">=6.0"
			},
			"peerDependenciesMeta": {
				"supports-color": {
					"optional": true
				}
			}
		},
		"node_modules/decode-named-character-reference": {
			"version": "1.0.1",
			"dev": true,
			"license": "MIT",
			"dependencies": {
				"character-entities": "^2.0.0"
			},
			"funding": {
				"type": "github",
				"url": "https://github.com/sponsors/wooorm"
			}
		},
		"node_modules/dequal": {
			"version": "2.0.2",
			"dev": true,
			"license": "MIT",
			"engines": {
				"node": ">=6"
			}
		},
		"node_modules/diff": {
			"version": "5.0.0",
			"dev": true,
			"license": "BSD-3-Clause",
			"engines": {
				"node": ">=0.3.1"
			}
		},
		"node_modules/escape-string-regexp": {
			"version": "5.0.0",
			"dev": true,
			"license": "MIT",
			"engines": {
				"node": ">=12"
			},
			"funding": {
				"url": "https://github.com/sponsors/sindresorhus"
			}
		},
		"node_modules/extend": {
			"version": "3.0.2",
			"license": "MIT"
		},
		"node_modules/function-bind": {
			"version": "1.1.1",
			"resolved": "https://registry.npmjs.org/function-bind/-/function-bind-1.1.1.tgz",
			"integrity": "sha512-yIovAzMX49sF8Yl58fSCWJ5svSLuaibPxXQJFLmBObTuCr0Mf1KiPopGM9NiFjiYBCbfaa2Fh6breQ6ANVTI0A=="
		},
		"node_modules/get-intrinsic": {
			"version": "1.1.1",
			"resolved": "https://registry.npmjs.org/get-intrinsic/-/get-intrinsic-1.1.1.tgz",
			"integrity": "sha512-kWZrnVM42QCiEA2Ig1bG8zjoIMOgxWwYCEeNdwY6Tv/cOSeGpcoX4pXHfKUxNKVoArnrEr2e9srnAxxGIraS9Q==",
			"dependencies": {
				"function-bind": "^1.1.1",
				"has": "^1.0.3",
				"has-symbols": "^1.0.1"
			},
			"funding": {
				"url": "https://github.com/sponsors/ljharb"
			}
		},
		"node_modules/has": {
			"version": "1.0.3",
			"resolved": "https://registry.npmjs.org/has/-/has-1.0.3.tgz",
			"integrity": "sha512-f2dvO0VU6Oej7RkWJGrehjbzMAjFp5/VKPp5tTpWIV4JHHZK1/BxbFRtf/siA2SWTe09caDmVtYYzWEIbBS4zw==",
			"dependencies": {
				"function-bind": "^1.1.1"
			},
			"engines": {
				"node": ">= 0.4.0"
			}
		},
		"node_modules/has-symbols": {
			"version": "1.0.2",
			"resolved": "https://registry.npmjs.org/has-symbols/-/has-symbols-1.0.2.tgz",
			"integrity": "sha512-chXa79rL/UC2KlX17jo3vRGz0azaWEx5tGqZg5pO3NUyEJVB17dMruQlzCCOfUvElghKcm5194+BCRvi2Rv/Gw==",
			"engines": {
				"node": ">= 0.4"
			},
			"funding": {
				"url": "https://github.com/sponsors/ljharb"
			}
		},
		"node_modules/is-plain-obj": {
			"version": "4.0.0",
			"license": "MIT",
			"engines": {
				"node": ">=12"
			},
			"funding": {
				"url": "https://github.com/sponsors/sindresorhus"
			}
		},
		"node_modules/kleur": {
			"version": "4.1.4",
			"dev": true,
			"license": "MIT",
			"engines": {
				"node": ">=6"
			}
		},
		"node_modules/longest-streak": {
			"version": "3.0.1",
			"dev": true,
			"license": "MIT",
			"funding": {
				"type": "github",
				"url": "https://github.com/sponsors/wooorm"
			}
		},
		"node_modules/markdown-table": {
			"version": "3.0.2",
			"dev": true,
			"license": "MIT",
			"funding": {
				"type": "github",
				"url": "https://github.com/sponsors/wooorm"
			}
		},
		"node_modules/mdast-util-find-and-replace": {
			"version": "2.1.0",
			"dev": true,
			"license": "MIT",
			"dependencies": {
				"escape-string-regexp": "^5.0.0",
				"unist-util-is": "^5.0.0",
				"unist-util-visit-parents": "^4.0.0"
			},
			"funding": {
				"type": "opencollective",
				"url": "https://opencollective.com/unified"
			}
		},
		"node_modules/mdast-util-from-markdown": {
			"version": "1.2.0",
			"dev": true,
			"license": "MIT",
			"dependencies": {
				"@types/mdast": "^3.0.0",
				"@types/unist": "^2.0.0",
				"decode-named-character-reference": "^1.0.0",
				"mdast-util-to-string": "^3.1.0",
				"micromark": "^3.0.0",
				"micromark-util-decode-numeric-character-reference": "^1.0.0",
				"micromark-util-decode-string": "^1.0.0",
				"micromark-util-normalize-identifier": "^1.0.0",
				"micromark-util-symbol": "^1.0.0",
				"micromark-util-types": "^1.0.0",
				"unist-util-stringify-position": "^3.0.0",
				"uvu": "^0.5.0"
			},
			"funding": {
				"type": "opencollective",
				"url": "https://opencollective.com/unified"
			}
		},
		"node_modules/mdast-util-gfm": {
			"version": "2.0.0",
			"dev": true,
			"license": "MIT",
			"dependencies": {
				"mdast-util-gfm-autolink-literal": "^1.0.0",
				"mdast-util-gfm-footnote": "^1.0.0",
				"mdast-util-gfm-strikethrough": "^1.0.0",
				"mdast-util-gfm-table": "^1.0.0",
				"mdast-util-gfm-task-list-item": "^1.0.0"
			},
			"funding": {
				"type": "opencollective",
				"url": "https://opencollective.com/unified"
			}
		},
		"node_modules/mdast-util-gfm-autolink-literal": {
			"version": "1.0.2",
			"dev": true,
			"license": "MIT",
			"dependencies": {
				"@types/mdast": "^3.0.0",
				"ccount": "^2.0.0",
				"mdast-util-find-and-replace": "^2.0.0",
				"micromark-util-character": "^1.0.0"
			},
			"funding": {
				"type": "opencollective",
				"url": "https://opencollective.com/unified"
			}
		},
		"node_modules/mdast-util-gfm-footnote": {
			"version": "1.0.0",
			"dev": true,
			"license": "MIT",
			"dependencies": {
				"@types/mdast": "^3.0.0",
				"mdast-util-to-markdown": "^1.0.0",
				"micromark-util-normalize-identifier": "^1.0.0",
				"unist-util-visit": "^4.0.0"
			},
			"funding": {
				"type": "opencollective",
				"url": "https://opencollective.com/unified"
			}
		},
		"node_modules/mdast-util-gfm-strikethrough": {
			"version": "1.0.0",
			"dev": true,
			"license": "MIT",
			"dependencies": {
				"@types/mdast": "^3.0.3",
				"mdast-util-to-markdown": "^1.0.0"
			},
			"funding": {
				"type": "opencollective",
				"url": "https://opencollective.com/unified"
			}
		},
		"node_modules/mdast-util-gfm-table": {
			"version": "1.0.2",
			"dev": true,
			"license": "MIT",
			"dependencies": {
				"markdown-table": "^3.0.0",
				"mdast-util-to-markdown": "^1.0.0"
			},
			"funding": {
				"type": "opencollective",
				"url": "https://opencollective.com/unified"
			}
		},
		"node_modules/mdast-util-gfm-task-list-item": {
			"version": "1.0.0",
			"dev": true,
			"license": "MIT",
			"dependencies": {
				"@types/mdast": "^3.0.3",
				"mdast-util-to-markdown": "^1.0.0"
			},
			"funding": {
				"type": "opencollective",
				"url": "https://opencollective.com/unified"
			}
		},
		"node_modules/mdast-util-to-markdown": {
			"version": "1.2.6",
			"dev": true,
			"license": "MIT",
			"dependencies": {
				"@types/mdast": "^3.0.0",
				"@types/unist": "^2.0.0",
				"longest-streak": "^3.0.0",
				"mdast-util-to-string": "^3.0.0",
				"micromark-util-decode-string": "^1.0.0",
				"unist-util-visit": "^4.0.0",
				"zwitch": "^2.0.0"
			},
			"funding": {
				"type": "opencollective",
				"url": "https://opencollective.com/unified"
			}
		},
		"node_modules/mdast-util-to-string": {
			"version": "3.1.0",
			"dev": true,
			"license": "MIT",
			"funding": {
				"type": "opencollective",
				"url": "https://opencollective.com/unified"
			}
		},
		"node_modules/micromark": {
			"version": "3.0.10",
			"dev": true,
			"funding": [
				{
					"type": "GitHub Sponsors",
					"url": "https://github.com/sponsors/unifiedjs"
				},
				{
					"type": "OpenCollective",
					"url": "https://opencollective.com/unified"
				}
			],
			"license": "MIT",
			"dependencies": {
				"@types/debug": "^4.0.0",
				"debug": "^4.0.0",
				"decode-named-character-reference": "^1.0.0",
				"micromark-core-commonmark": "^1.0.1",
				"micromark-factory-space": "^1.0.0",
				"micromark-util-character": "^1.0.0",
				"micromark-util-chunked": "^1.0.0",
				"micromark-util-combine-extensions": "^1.0.0",
				"micromark-util-decode-numeric-character-reference": "^1.0.0",
				"micromark-util-encode": "^1.0.0",
				"micromark-util-normalize-identifier": "^1.0.0",
				"micromark-util-resolve-all": "^1.0.0",
				"micromark-util-sanitize-uri": "^1.0.0",
				"micromark-util-subtokenize": "^1.0.0",
				"micromark-util-symbol": "^1.0.0",
				"micromark-util-types": "^1.0.1",
				"uvu": "^0.5.0"
			}
		},
		"node_modules/micromark-core-commonmark": {
			"version": "1.0.6",
			"dev": true,
			"funding": [
				{
					"type": "GitHub Sponsors",
					"url": "https://github.com/sponsors/unifiedjs"
				},
				{
					"type": "OpenCollective",
					"url": "https://opencollective.com/unified"
				}
			],
			"license": "MIT",
			"dependencies": {
				"decode-named-character-reference": "^1.0.0",
				"micromark-factory-destination": "^1.0.0",
				"micromark-factory-label": "^1.0.0",
				"micromark-factory-space": "^1.0.0",
				"micromark-factory-title": "^1.0.0",
				"micromark-factory-whitespace": "^1.0.0",
				"micromark-util-character": "^1.0.0",
				"micromark-util-chunked": "^1.0.0",
				"micromark-util-classify-character": "^1.0.0",
				"micromark-util-html-tag-name": "^1.0.0",
				"micromark-util-normalize-identifier": "^1.0.0",
				"micromark-util-resolve-all": "^1.0.0",
				"micromark-util-subtokenize": "^1.0.0",
				"micromark-util-symbol": "^1.0.0",
				"micromark-util-types": "^1.0.1",
				"uvu": "^0.5.0"
			}
		},
		"node_modules/micromark-extension-gfm": {
			"version": "2.0.1",
			"dev": true,
			"license": "MIT",
			"dependencies": {
				"micromark-extension-gfm-autolink-literal": "^1.0.0",
				"micromark-extension-gfm-footnote": "^1.0.0",
				"micromark-extension-gfm-strikethrough": "^1.0.0",
				"micromark-extension-gfm-table": "^1.0.0",
				"micromark-extension-gfm-tagfilter": "^1.0.0",
				"micromark-extension-gfm-task-list-item": "^1.0.0",
				"micromark-util-combine-extensions": "^1.0.0",
				"micromark-util-types": "^1.0.0"
			},
			"funding": {
				"type": "opencollective",
				"url": "https://opencollective.com/unified"
			}
		},
		"node_modules/micromark-extension-gfm-autolink-literal": {
			"version": "1.0.3",
			"dev": true,
			"license": "MIT",
			"dependencies": {
				"micromark-util-character": "^1.0.0",
				"micromark-util-sanitize-uri": "^1.0.0",
				"micromark-util-symbol": "^1.0.0",
				"micromark-util-types": "^1.0.0",
				"uvu": "^0.5.0"
			},
			"funding": {
				"type": "opencollective",
				"url": "https://opencollective.com/unified"
			}
		},
		"node_modules/micromark-extension-gfm-footnote": {
			"version": "1.0.3",
			"dev": true,
			"license": "MIT",
			"dependencies": {
				"micromark-core-commonmark": "^1.0.0",
				"micromark-factory-space": "^1.0.0",
				"micromark-util-character": "^1.0.0",
				"micromark-util-normalize-identifier": "^1.0.0",
				"micromark-util-sanitize-uri": "^1.0.0",
				"micromark-util-symbol": "^1.0.0",
				"uvu": "^0.5.0"
			},
			"funding": {
				"type": "opencollective",
				"url": "https://opencollective.com/unified"
			}
		},
		"node_modules/micromark-extension-gfm-strikethrough": {
			"version": "1.0.4",
			"dev": true,
			"license": "MIT",
			"dependencies": {
				"micromark-util-chunked": "^1.0.0",
				"micromark-util-classify-character": "^1.0.0",
				"micromark-util-resolve-all": "^1.0.0",
				"micromark-util-symbol": "^1.0.0",
				"micromark-util-types": "^1.0.0",
				"uvu": "^0.5.0"
			},
			"funding": {
				"type": "opencollective",
				"url": "https://opencollective.com/unified"
			}
		},
		"node_modules/micromark-extension-gfm-table": {
			"version": "1.0.5",
			"dev": true,
			"license": "MIT",
			"dependencies": {
				"micromark-factory-space": "^1.0.0",
				"micromark-util-character": "^1.0.0",
				"micromark-util-symbol": "^1.0.0",
				"micromark-util-types": "^1.0.0",
				"uvu": "^0.5.0"
			},
			"funding": {
				"type": "opencollective",
				"url": "https://opencollective.com/unified"
			}
		},
		"node_modules/micromark-extension-gfm-tagfilter": {
			"version": "1.0.1",
			"dev": true,
			"license": "MIT",
			"dependencies": {
				"micromark-util-types": "^1.0.0"
			},
			"funding": {
				"type": "opencollective",
				"url": "https://opencollective.com/unified"
			}
		},
		"node_modules/micromark-extension-gfm-task-list-item": {
			"version": "1.0.3",
			"dev": true,
			"license": "MIT",
			"dependencies": {
				"micromark-factory-space": "^1.0.0",
				"micromark-util-character": "^1.0.0",
				"micromark-util-symbol": "^1.0.0",
				"micromark-util-types": "^1.0.0",
				"uvu": "^0.5.0"
			},
			"funding": {
				"type": "opencollective",
				"url": "https://opencollective.com/unified"
			}
		},
		"node_modules/micromark-factory-destination": {
			"version": "1.0.0",
			"dev": true,
			"funding": [
				{
					"type": "GitHub Sponsors",
					"url": "https://github.com/sponsors/unifiedjs"
				},
				{
					"type": "OpenCollective",
					"url": "https://opencollective.com/unified"
				}
			],
			"license": "MIT",
			"dependencies": {
				"micromark-util-character": "^1.0.0",
				"micromark-util-symbol": "^1.0.0",
				"micromark-util-types": "^1.0.0"
			}
		},
		"node_modules/micromark-factory-label": {
			"version": "1.0.2",
			"dev": true,
			"funding": [
				{
					"type": "GitHub Sponsors",
					"url": "https://github.com/sponsors/unifiedjs"
				},
				{
					"type": "OpenCollective",
					"url": "https://opencollective.com/unified"
				}
			],
			"license": "MIT",
			"dependencies": {
				"micromark-util-character": "^1.0.0",
				"micromark-util-symbol": "^1.0.0",
				"micromark-util-types": "^1.0.0",
				"uvu": "^0.5.0"
			}
		},
		"node_modules/micromark-factory-space": {
			"version": "1.0.0",
			"dev": true,
			"funding": [
				{
					"type": "GitHub Sponsors",
					"url": "https://github.com/sponsors/unifiedjs"
				},
				{
					"type": "OpenCollective",
					"url": "https://opencollective.com/unified"
				}
			],
			"license": "MIT",
			"dependencies": {
				"micromark-util-character": "^1.0.0",
				"micromark-util-types": "^1.0.0"
			}
		},
		"node_modules/micromark-factory-title": {
			"version": "1.0.2",
			"dev": true,
			"funding": [
				{
					"type": "GitHub Sponsors",
					"url": "https://github.com/sponsors/unifiedjs"
				},
				{
					"type": "OpenCollective",
					"url": "https://opencollective.com/unified"
				}
			],
			"license": "MIT",
			"dependencies": {
				"micromark-factory-space": "^1.0.0",
				"micromark-util-character": "^1.0.0",
				"micromark-util-symbol": "^1.0.0",
				"micromark-util-types": "^1.0.0",
				"uvu": "^0.5.0"
			}
		},
		"node_modules/micromark-factory-whitespace": {
			"version": "1.0.0",
			"dev": true,
			"funding": [
				{
					"type": "GitHub Sponsors",
					"url": "https://github.com/sponsors/unifiedjs"
				},
				{
					"type": "OpenCollective",
					"url": "https://opencollective.com/unified"
				}
			],
			"license": "MIT",
			"dependencies": {
				"micromark-factory-space": "^1.0.0",
				"micromark-util-character": "^1.0.0",
				"micromark-util-symbol": "^1.0.0",
				"micromark-util-types": "^1.0.0"
			}
		},
		"node_modules/micromark-util-character": {
			"version": "1.1.0",
			"dev": true,
			"funding": [
				{
					"type": "GitHub Sponsors",
					"url": "https://github.com/sponsors/unifiedjs"
				},
				{
					"type": "OpenCollective",
					"url": "https://opencollective.com/unified"
				}
			],
			"license": "MIT",
			"dependencies": {
				"micromark-util-symbol": "^1.0.0",
				"micromark-util-types": "^1.0.0"
			}
		},
		"node_modules/micromark-util-chunked": {
			"version": "1.0.0",
			"dev": true,
			"funding": [
				{
					"type": "GitHub Sponsors",
					"url": "https://github.com/sponsors/unifiedjs"
				},
				{
					"type": "OpenCollective",
					"url": "https://opencollective.com/unified"
				}
			],
			"license": "MIT",
			"dependencies": {
				"micromark-util-symbol": "^1.0.0"
			}
		},
		"node_modules/micromark-util-classify-character": {
			"version": "1.0.0",
			"dev": true,
			"funding": [
				{
					"type": "GitHub Sponsors",
					"url": "https://github.com/sponsors/unifiedjs"
				},
				{
					"type": "OpenCollective",
					"url": "https://opencollective.com/unified"
				}
			],
			"license": "MIT",
			"dependencies": {
				"micromark-util-character": "^1.0.0",
				"micromark-util-symbol": "^1.0.0",
				"micromark-util-types": "^1.0.0"
			}
		},
		"node_modules/micromark-util-combine-extensions": {
			"version": "1.0.0",
			"dev": true,
			"funding": [
				{
					"type": "GitHub Sponsors",
					"url": "https://github.com/sponsors/unifiedjs"
				},
				{
					"type": "OpenCollective",
					"url": "https://opencollective.com/unified"
				}
			],
			"license": "MIT",
			"dependencies": {
				"micromark-util-chunked": "^1.0.0",
				"micromark-util-types": "^1.0.0"
			}
		},
		"node_modules/micromark-util-decode-numeric-character-reference": {
			"version": "1.0.0",
			"dev": true,
			"funding": [
				{
					"type": "GitHub Sponsors",
					"url": "https://github.com/sponsors/unifiedjs"
				},
				{
					"type": "OpenCollective",
					"url": "https://opencollective.com/unified"
				}
			],
			"license": "MIT",
			"dependencies": {
				"micromark-util-symbol": "^1.0.0"
			}
		},
		"node_modules/micromark-util-decode-string": {
			"version": "1.0.2",
			"dev": true,
			"funding": [
				{
					"type": "GitHub Sponsors",
					"url": "https://github.com/sponsors/unifiedjs"
				},
				{
					"type": "OpenCollective",
					"url": "https://opencollective.com/unified"
				}
			],
			"license": "MIT",
			"dependencies": {
				"decode-named-character-reference": "^1.0.0",
				"micromark-util-character": "^1.0.0",
				"micromark-util-decode-numeric-character-reference": "^1.0.0",
				"micromark-util-symbol": "^1.0.0"
			}
		},
		"node_modules/micromark-util-encode": {
			"version": "1.0.1",
			"dev": true,
			"funding": [
				{
					"type": "GitHub Sponsors",
					"url": "https://github.com/sponsors/unifiedjs"
				},
				{
					"type": "OpenCollective",
					"url": "https://opencollective.com/unified"
				}
			],
			"license": "MIT"
		},
		"node_modules/micromark-util-html-tag-name": {
			"version": "1.0.0",
			"dev": true,
			"funding": [
				{
					"type": "GitHub Sponsors",
					"url": "https://github.com/sponsors/unifiedjs"
				},
				{
					"type": "OpenCollective",
					"url": "https://opencollective.com/unified"
				}
			],
			"license": "MIT"
		},
		"node_modules/micromark-util-normalize-identifier": {
			"version": "1.0.0",
			"dev": true,
			"funding": [
				{
					"type": "GitHub Sponsors",
					"url": "https://github.com/sponsors/unifiedjs"
				},
				{
					"type": "OpenCollective",
					"url": "https://opencollective.com/unified"
				}
			],
			"license": "MIT",
			"dependencies": {
				"micromark-util-symbol": "^1.0.0"
			}
		},
		"node_modules/micromark-util-resolve-all": {
			"version": "1.0.0",
			"dev": true,
			"funding": [
				{
					"type": "GitHub Sponsors",
					"url": "https://github.com/sponsors/unifiedjs"
				},
				{
					"type": "OpenCollective",
					"url": "https://opencollective.com/unified"
				}
			],
			"license": "MIT",
			"dependencies": {
				"micromark-util-types": "^1.0.0"
			}
		},
		"node_modules/micromark-util-sanitize-uri": {
			"version": "1.0.0",
			"dev": true,
			"funding": [
				{
					"type": "GitHub Sponsors",
					"url": "https://github.com/sponsors/unifiedjs"
				},
				{
					"type": "OpenCollective",
					"url": "https://opencollective.com/unified"
				}
			],
			"license": "MIT",
			"dependencies": {
				"micromark-util-character": "^1.0.0",
				"micromark-util-encode": "^1.0.0",
				"micromark-util-symbol": "^1.0.0"
			}
		},
		"node_modules/micromark-util-subtokenize": {
			"version": "1.0.2",
			"dev": true,
			"funding": [
				{
					"type": "GitHub Sponsors",
					"url": "https://github.com/sponsors/unifiedjs"
				},
				{
					"type": "OpenCollective",
					"url": "https://opencollective.com/unified"
				}
			],
			"license": "MIT",
			"dependencies": {
				"micromark-util-chunked": "^1.0.0",
				"micromark-util-symbol": "^1.0.0",
				"micromark-util-types": "^1.0.0",
				"uvu": "^0.5.0"
			}
		},
		"node_modules/micromark-util-symbol": {
			"version": "1.0.1",
			"dev": true,
			"funding": [
				{
					"type": "GitHub Sponsors",
					"url": "https://github.com/sponsors/unifiedjs"
				},
				{
					"type": "OpenCollective",
					"url": "https://opencollective.com/unified"
				}
			],
			"license": "MIT"
		},
		"node_modules/micromark-util-types": {
			"version": "1.0.2",
			"dev": true,
			"funding": [
				{
					"type": "GitHub Sponsors",
					"url": "https://github.com/sponsors/unifiedjs"
				},
				{
					"type": "OpenCollective",
					"url": "https://opencollective.com/unified"
				}
			],
			"license": "MIT"
		},
		"node_modules/mri": {
			"version": "1.2.0",
			"dev": true,
			"license": "MIT",
			"engines": {
				"node": ">=4"
			}
		},
		"node_modules/ms": {
			"version": "2.1.2",
			"dev": true,
			"license": "MIT"
		},
		"node_modules/object-inspect": {
			"version": "1.12.0",
			"resolved": "https://registry.npmjs.org/object-inspect/-/object-inspect-1.12.0.tgz",
			"integrity": "sha512-Ho2z80bVIvJloH+YzRmpZVQe87+qASmBUKZDWgx9cu+KDrX2ZDH/3tMy+gXbZETVGs2M8YdxObOh7XAtim9Y0g==",
			"funding": {
				"url": "https://github.com/sponsors/ljharb"
			}
		},
		"node_modules/qs": {
			"version": "6.10.3",
			"resolved": "https://registry.npmjs.org/qs/-/qs-6.10.3.tgz",
			"integrity": "sha512-wr7M2E0OFRfIfJZjKGieI8lBKb7fRCH4Fv5KNPEs7gJ8jadvotdsS08PzOKR7opXhZ/Xkjtt3WF9g38drmyRqQ==",
			"dependencies": {
				"side-channel": "^1.0.4"
			},
			"engines": {
				"node": ">=0.6"
			},
			"funding": {
				"url": "https://github.com/sponsors/ljharb"
			}
		},
		"node_modules/remark-gfm": {
			"version": "3.0.1",
			"dev": true,
			"license": "MIT",
			"dependencies": {
				"@types/mdast": "^3.0.0",
				"mdast-util-gfm": "^2.0.0",
				"micromark-extension-gfm": "^2.0.0",
				"unified": "^10.0.0"
			},
			"funding": {
				"type": "opencollective",
				"url": "https://opencollective.com/unified"
			}
		},
		"node_modules/remark-parse": {
			"version": "10.0.1",
			"dev": true,
			"license": "MIT",
			"dependencies": {
				"@types/mdast": "^3.0.0",
				"mdast-util-from-markdown": "^1.0.0",
				"unified": "^10.0.0"
			},
			"funding": {
				"type": "opencollective",
				"url": "https://opencollective.com/unified"
			}
		},
		"node_modules/remark-stringify": {
			"version": "10.0.2",
			"dev": true,
			"license": "MIT",
			"dependencies": {
				"@types/mdast": "^3.0.0",
				"mdast-util-to-markdown": "^1.0.0",
				"unified": "^10.0.0"
			},
			"funding": {
				"type": "opencollective",
				"url": "https://opencollective.com/unified"
			}
		},
		"node_modules/sade": {
			"version": "1.8.1",
			"dev": true,
			"license": "MIT",
			"dependencies": {
				"mri": "^1.1.0"
			},
			"engines": {
				"node": ">=6"
			}
		},
		"node_modules/side-channel": {
			"version": "1.0.4",
			"resolved": "https://registry.npmjs.org/side-channel/-/side-channel-1.0.4.tgz",
			"integrity": "sha512-q5XPytqFEIKHkGdiMIrY10mvLRvnQh42/+GoBlFW3b2LXLE2xxJpZFdm94we0BaoV3RwJyGqg5wS7epxTv0Zvw==",
			"dependencies": {
				"call-bind": "^1.0.0",
				"get-intrinsic": "^1.0.2",
				"object-inspect": "^1.9.0"
			},
			"funding": {
				"url": "https://github.com/sponsors/ljharb"
			}
		},
		"node_modules/trough": {
			"version": "2.0.2",
			"license": "MIT",
			"funding": {
				"type": "github",
				"url": "https://github.com/sponsors/wooorm"
			}
		},
		"node_modules/unified": {
			"version": "10.1.1",
			"license": "MIT",
			"dependencies": {
				"@types/unist": "^2.0.0",
				"bail": "^2.0.0",
				"extend": "^3.0.0",
				"is-buffer": "^2.0.0",
				"is-plain-obj": "^4.0.0",
				"trough": "^2.0.0",
				"vfile": "^5.0.0"
			},
			"funding": {
				"type": "opencollective",
				"url": "https://opencollective.com/unified"
			}
		},
		"node_modules/unified/node_modules/is-buffer": {
			"version": "2.0.5",
			"funding": [
				{
					"type": "github",
					"url": "https://github.com/sponsors/feross"
				},
				{
					"type": "patreon",
					"url": "https://www.patreon.com/feross"
				},
				{
					"type": "consulting",
					"url": "https://feross.org/support"
				}
			],
			"license": "MIT",
			"engines": {
				"node": ">=4"
			}
		},
		"node_modules/unist-util-is": {
			"version": "5.1.1",
			"dev": true,
			"license": "MIT",
			"funding": {
				"type": "opencollective",
				"url": "https://opencollective.com/unified"
			}
		},
		"node_modules/unist-util-stringify-position": {
			"version": "3.0.0",
			"license": "MIT",
			"dependencies": {
				"@types/unist": "^2.0.0"
			},
			"funding": {
				"type": "opencollective",
				"url": "https://opencollective.com/unified"
			}
		},
		"node_modules/unist-util-visit": {
			"version": "4.1.0",
			"dev": true,
			"license": "MIT",
			"dependencies": {
				"@types/unist": "^2.0.0",
				"unist-util-is": "^5.0.0",
				"unist-util-visit-parents": "^5.0.0"
			},
			"funding": {
				"type": "opencollective",
				"url": "https://opencollective.com/unified"
			}
		},
		"node_modules/unist-util-visit-parents": {
			"version": "4.1.1",
			"dev": true,
			"license": "MIT",
			"dependencies": {
				"@types/unist": "^2.0.0",
				"unist-util-is": "^5.0.0"
			},
			"funding": {
				"type": "opencollective",
				"url": "https://opencollective.com/unified"
			}
		},
		"node_modules/unist-util-visit/node_modules/unist-util-visit-parents": {
			"version": "5.1.0",
			"dev": true,
			"license": "MIT",
			"dependencies": {
				"@types/unist": "^2.0.0",
				"unist-util-is": "^5.0.0"
			},
			"funding": {
				"type": "opencollective",
				"url": "https://opencollective.com/unified"
			}
		},
		"node_modules/uvu": {
			"version": "0.5.3",
			"dev": true,
			"license": "MIT",
			"dependencies": {
				"dequal": "^2.0.0",
				"diff": "^5.0.0",
				"kleur": "^4.0.3",
				"sade": "^1.7.3"
			},
			"bin": {
				"uvu": "bin.js"
			},
			"engines": {
				"node": ">=8"
			}
		},
		"node_modules/vfile": {
			"version": "5.2.1",
			"license": "MIT",
			"dependencies": {
				"@types/unist": "^2.0.0",
				"is-buffer": "^2.0.0",
				"unist-util-stringify-position": "^3.0.0",
				"vfile-message": "^3.0.0"
			},
			"funding": {
				"type": "opencollective",
				"url": "https://opencollective.com/unified"
			}
		},
		"node_modules/vfile-message": {
			"version": "3.1.0",
			"license": "MIT",
			"dependencies": {
				"@types/unist": "^2.0.0",
				"unist-util-stringify-position": "^3.0.0"
			},
			"funding": {
				"type": "opencollective",
				"url": "https://opencollective.com/unified"
			}
		},
		"node_modules/vfile/node_modules/is-buffer": {
			"version": "2.0.5",
			"funding": [
				{
					"type": "github",
					"url": "https://github.com/sponsors/feross"
				},
				{
					"type": "patreon",
					"url": "https://www.patreon.com/feross"
				},
				{
					"type": "consulting",
					"url": "https://feross.org/support"
				}
			],
			"license": "MIT",
			"engines": {
				"node": ">=4"
			}
		},
		"node_modules/zwitch": {
			"version": "2.0.2",
			"dev": true,
			"license": "MIT",
			"funding": {
				"type": "github",
				"url": "https://github.com/sponsors/wooorm"
			}
		}
	},
	"dependencies": {
		"@types/debug": {
			"version": "4.1.7",
			"dev": true,
			"requires": {
				"@types/ms": "*"
			}
		},
		"@types/mdast": {
			"version": "3.0.10",
			"dev": true,
			"requires": {
				"@types/unist": "*"
			}
		},
		"@types/ms": {
			"version": "0.7.31",
			"dev": true
		},
		"@types/qs": {
			"version": "6.9.7",
			"resolved": "https://registry.npmjs.org/@types/qs/-/qs-6.9.7.tgz",
			"integrity": "sha512-FGa1F62FT09qcrueBA6qYTrJPVDzah9a+493+o2PCXsesWHIn27G98TsSMs3WPNbZIEj4+VJf6saSFpvD+3Zsw==",
			"dev": true
		},
		"@types/unist": {
			"version": "2.0.6"
		},
		"bail": {
			"version": "2.0.2"
		},
		"call-bind": {
			"version": "1.0.2",
			"resolved": "https://registry.npmjs.org/call-bind/-/call-bind-1.0.2.tgz",
			"integrity": "sha512-7O+FbCihrB5WGbFYesctwmTKae6rOiIzmz1icreWJ+0aA7LJfuqhEso2T9ncpcFtzMQtzXf2QGGueWJGTYsqrA==",
			"requires": {
				"function-bind": "^1.1.1",
				"get-intrinsic": "^1.0.2"
			}
		},
		"ccount": {
			"version": "2.0.1",
			"dev": true
		},
		"character-entities": {
			"version": "2.0.1",
			"dev": true
		},
		"debug": {
			"version": "4.3.3",
			"dev": true,
			"requires": {
				"ms": "2.1.2"
			}
		},
		"decode-named-character-reference": {
			"version": "1.0.1",
			"dev": true,
			"requires": {
				"character-entities": "^2.0.0"
			}
		},
		"dequal": {
			"version": "2.0.2",
			"dev": true
		},
		"diff": {
			"version": "5.0.0",
			"dev": true
		},
		"escape-string-regexp": {
			"version": "5.0.0",
			"dev": true
		},
		"extend": {
			"version": "3.0.2"
		},
		"function-bind": {
			"version": "1.1.1",
			"resolved": "https://registry.npmjs.org/function-bind/-/function-bind-1.1.1.tgz",
			"integrity": "sha512-yIovAzMX49sF8Yl58fSCWJ5svSLuaibPxXQJFLmBObTuCr0Mf1KiPopGM9NiFjiYBCbfaa2Fh6breQ6ANVTI0A=="
		},
		"get-intrinsic": {
			"version": "1.1.1",
			"resolved": "https://registry.npmjs.org/get-intrinsic/-/get-intrinsic-1.1.1.tgz",
			"integrity": "sha512-kWZrnVM42QCiEA2Ig1bG8zjoIMOgxWwYCEeNdwY6Tv/cOSeGpcoX4pXHfKUxNKVoArnrEr2e9srnAxxGIraS9Q==",
			"requires": {
				"function-bind": "^1.1.1",
				"has": "^1.0.3",
				"has-symbols": "^1.0.1"
			}
		},
		"has": {
			"version": "1.0.3",
			"resolved": "https://registry.npmjs.org/has/-/has-1.0.3.tgz",
			"integrity": "sha512-f2dvO0VU6Oej7RkWJGrehjbzMAjFp5/VKPp5tTpWIV4JHHZK1/BxbFRtf/siA2SWTe09caDmVtYYzWEIbBS4zw==",
			"requires": {
				"function-bind": "^1.1.1"
			}
		},
		"has-symbols": {
			"version": "1.0.2",
			"resolved": "https://registry.npmjs.org/has-symbols/-/has-symbols-1.0.2.tgz",
			"integrity": "sha512-chXa79rL/UC2KlX17jo3vRGz0azaWEx5tGqZg5pO3NUyEJVB17dMruQlzCCOfUvElghKcm5194+BCRvi2Rv/Gw=="
		},
		"is-plain-obj": {
			"version": "4.0.0"
		},
		"kleur": {
			"version": "4.1.4",
			"dev": true
		},
		"longest-streak": {
			"version": "3.0.1",
			"dev": true
		},
		"markdown-table": {
			"version": "3.0.2",
			"dev": true
		},
		"mdast-util-find-and-replace": {
			"version": "2.1.0",
			"dev": true,
			"requires": {
				"escape-string-regexp": "^5.0.0",
				"unist-util-is": "^5.0.0",
				"unist-util-visit-parents": "^4.0.0"
			}
		},
		"mdast-util-from-markdown": {
			"version": "1.2.0",
			"dev": true,
			"requires": {
				"@types/mdast": "^3.0.0",
				"@types/unist": "^2.0.0",
				"decode-named-character-reference": "^1.0.0",
				"mdast-util-to-string": "^3.1.0",
				"micromark": "^3.0.0",
				"micromark-util-decode-numeric-character-reference": "^1.0.0",
				"micromark-util-decode-string": "^1.0.0",
				"micromark-util-normalize-identifier": "^1.0.0",
				"micromark-util-symbol": "^1.0.0",
				"micromark-util-types": "^1.0.0",
				"unist-util-stringify-position": "^3.0.0",
				"uvu": "^0.5.0"
			}
		},
		"mdast-util-gfm": {
			"version": "2.0.0",
			"dev": true,
			"requires": {
				"mdast-util-gfm-autolink-literal": "^1.0.0",
				"mdast-util-gfm-footnote": "^1.0.0",
				"mdast-util-gfm-strikethrough": "^1.0.0",
				"mdast-util-gfm-table": "^1.0.0",
				"mdast-util-gfm-task-list-item": "^1.0.0"
			}
		},
		"mdast-util-gfm-autolink-literal": {
			"version": "1.0.2",
			"dev": true,
			"requires": {
				"@types/mdast": "^3.0.0",
				"ccount": "^2.0.0",
				"mdast-util-find-and-replace": "^2.0.0",
				"micromark-util-character": "^1.0.0"
			}
		},
		"mdast-util-gfm-footnote": {
			"version": "1.0.0",
			"dev": true,
			"requires": {
				"@types/mdast": "^3.0.0",
				"mdast-util-to-markdown": "^1.0.0",
				"micromark-util-normalize-identifier": "^1.0.0",
				"unist-util-visit": "^4.0.0"
			}
		},
		"mdast-util-gfm-strikethrough": {
			"version": "1.0.0",
			"dev": true,
			"requires": {
				"@types/mdast": "^3.0.3",
				"mdast-util-to-markdown": "^1.0.0"
			}
		},
		"mdast-util-gfm-table": {
			"version": "1.0.2",
			"dev": true,
			"requires": {
				"markdown-table": "^3.0.0",
				"mdast-util-to-markdown": "^1.0.0"
			}
		},
		"mdast-util-gfm-task-list-item": {
			"version": "1.0.0",
			"dev": true,
			"requires": {
				"@types/mdast": "^3.0.3",
				"mdast-util-to-markdown": "^1.0.0"
			}
		},
		"mdast-util-to-markdown": {
			"version": "1.2.6",
			"dev": true,
			"requires": {
				"@types/mdast": "^3.0.0",
				"@types/unist": "^2.0.0",
				"longest-streak": "^3.0.0",
				"mdast-util-to-string": "^3.0.0",
				"micromark-util-decode-string": "^1.0.0",
				"unist-util-visit": "^4.0.0",
				"zwitch": "^2.0.0"
			}
		},
		"mdast-util-to-string": {
			"version": "3.1.0",
			"dev": true
		},
		"micromark": {
			"version": "3.0.10",
			"dev": true,
			"requires": {
				"@types/debug": "^4.0.0",
				"debug": "^4.0.0",
				"decode-named-character-reference": "^1.0.0",
				"micromark-core-commonmark": "^1.0.1",
				"micromark-factory-space": "^1.0.0",
				"micromark-util-character": "^1.0.0",
				"micromark-util-chunked": "^1.0.0",
				"micromark-util-combine-extensions": "^1.0.0",
				"micromark-util-decode-numeric-character-reference": "^1.0.0",
				"micromark-util-encode": "^1.0.0",
				"micromark-util-normalize-identifier": "^1.0.0",
				"micromark-util-resolve-all": "^1.0.0",
				"micromark-util-sanitize-uri": "^1.0.0",
				"micromark-util-subtokenize": "^1.0.0",
				"micromark-util-symbol": "^1.0.0",
				"micromark-util-types": "^1.0.1",
				"uvu": "^0.5.0"
			}
		},
		"micromark-core-commonmark": {
			"version": "1.0.6",
			"dev": true,
			"requires": {
				"decode-named-character-reference": "^1.0.0",
				"micromark-factory-destination": "^1.0.0",
				"micromark-factory-label": "^1.0.0",
				"micromark-factory-space": "^1.0.0",
				"micromark-factory-title": "^1.0.0",
				"micromark-factory-whitespace": "^1.0.0",
				"micromark-util-character": "^1.0.0",
				"micromark-util-chunked": "^1.0.0",
				"micromark-util-classify-character": "^1.0.0",
				"micromark-util-html-tag-name": "^1.0.0",
				"micromark-util-normalize-identifier": "^1.0.0",
				"micromark-util-resolve-all": "^1.0.0",
				"micromark-util-subtokenize": "^1.0.0",
				"micromark-util-symbol": "^1.0.0",
				"micromark-util-types": "^1.0.1",
				"uvu": "^0.5.0"
			}
		},
		"micromark-extension-gfm": {
			"version": "2.0.1",
			"dev": true,
			"requires": {
				"micromark-extension-gfm-autolink-literal": "^1.0.0",
				"micromark-extension-gfm-footnote": "^1.0.0",
				"micromark-extension-gfm-strikethrough": "^1.0.0",
				"micromark-extension-gfm-table": "^1.0.0",
				"micromark-extension-gfm-tagfilter": "^1.0.0",
				"micromark-extension-gfm-task-list-item": "^1.0.0",
				"micromark-util-combine-extensions": "^1.0.0",
				"micromark-util-types": "^1.0.0"
			}
		},
		"micromark-extension-gfm-autolink-literal": {
			"version": "1.0.3",
			"dev": true,
			"requires": {
				"micromark-util-character": "^1.0.0",
				"micromark-util-sanitize-uri": "^1.0.0",
				"micromark-util-symbol": "^1.0.0",
				"micromark-util-types": "^1.0.0",
				"uvu": "^0.5.0"
			}
		},
		"micromark-extension-gfm-footnote": {
			"version": "1.0.3",
			"dev": true,
			"requires": {
				"micromark-core-commonmark": "^1.0.0",
				"micromark-factory-space": "^1.0.0",
				"micromark-util-character": "^1.0.0",
				"micromark-util-normalize-identifier": "^1.0.0",
				"micromark-util-sanitize-uri": "^1.0.0",
				"micromark-util-symbol": "^1.0.0",
				"uvu": "^0.5.0"
			}
		},
		"micromark-extension-gfm-strikethrough": {
			"version": "1.0.4",
			"dev": true,
			"requires": {
				"micromark-util-chunked": "^1.0.0",
				"micromark-util-classify-character": "^1.0.0",
				"micromark-util-resolve-all": "^1.0.0",
				"micromark-util-symbol": "^1.0.0",
				"micromark-util-types": "^1.0.0",
				"uvu": "^0.5.0"
			}
		},
		"micromark-extension-gfm-table": {
			"version": "1.0.5",
			"dev": true,
			"requires": {
				"micromark-factory-space": "^1.0.0",
				"micromark-util-character": "^1.0.0",
				"micromark-util-symbol": "^1.0.0",
				"micromark-util-types": "^1.0.0",
				"uvu": "^0.5.0"
			}
		},
		"micromark-extension-gfm-tagfilter": {
			"version": "1.0.1",
			"dev": true,
			"requires": {
				"micromark-util-types": "^1.0.0"
			}
		},
		"micromark-extension-gfm-task-list-item": {
			"version": "1.0.3",
			"dev": true,
			"requires": {
				"micromark-factory-space": "^1.0.0",
				"micromark-util-character": "^1.0.0",
				"micromark-util-symbol": "^1.0.0",
				"micromark-util-types": "^1.0.0",
				"uvu": "^0.5.0"
			}
		},
		"micromark-factory-destination": {
			"version": "1.0.0",
			"dev": true,
			"requires": {
				"micromark-util-character": "^1.0.0",
				"micromark-util-symbol": "^1.0.0",
				"micromark-util-types": "^1.0.0"
			}
		},
		"micromark-factory-label": {
			"version": "1.0.2",
			"dev": true,
			"requires": {
				"micromark-util-character": "^1.0.0",
				"micromark-util-symbol": "^1.0.0",
				"micromark-util-types": "^1.0.0",
				"uvu": "^0.5.0"
			}
		},
		"micromark-factory-space": {
			"version": "1.0.0",
			"dev": true,
			"requires": {
				"micromark-util-character": "^1.0.0",
				"micromark-util-types": "^1.0.0"
			}
		},
		"micromark-factory-title": {
			"version": "1.0.2",
			"dev": true,
			"requires": {
				"micromark-factory-space": "^1.0.0",
				"micromark-util-character": "^1.0.0",
				"micromark-util-symbol": "^1.0.0",
				"micromark-util-types": "^1.0.0",
				"uvu": "^0.5.0"
			}
		},
		"micromark-factory-whitespace": {
			"version": "1.0.0",
			"dev": true,
			"requires": {
				"micromark-factory-space": "^1.0.0",
				"micromark-util-character": "^1.0.0",
				"micromark-util-symbol": "^1.0.0",
				"micromark-util-types": "^1.0.0"
			}
		},
		"micromark-util-character": {
			"version": "1.1.0",
			"dev": true,
			"requires": {
				"micromark-util-symbol": "^1.0.0",
				"micromark-util-types": "^1.0.0"
			}
		},
		"micromark-util-chunked": {
			"version": "1.0.0",
			"dev": true,
			"requires": {
				"micromark-util-symbol": "^1.0.0"
			}
		},
		"micromark-util-classify-character": {
			"version": "1.0.0",
			"dev": true,
			"requires": {
				"micromark-util-character": "^1.0.0",
				"micromark-util-symbol": "^1.0.0",
				"micromark-util-types": "^1.0.0"
			}
		},
		"micromark-util-combine-extensions": {
			"version": "1.0.0",
			"dev": true,
			"requires": {
				"micromark-util-chunked": "^1.0.0",
				"micromark-util-types": "^1.0.0"
			}
		},
		"micromark-util-decode-numeric-character-reference": {
			"version": "1.0.0",
			"dev": true,
			"requires": {
				"micromark-util-symbol": "^1.0.0"
			}
		},
		"micromark-util-decode-string": {
			"version": "1.0.2",
			"dev": true,
			"requires": {
				"decode-named-character-reference": "^1.0.0",
				"micromark-util-character": "^1.0.0",
				"micromark-util-decode-numeric-character-reference": "^1.0.0",
				"micromark-util-symbol": "^1.0.0"
			}
		},
		"micromark-util-encode": {
			"version": "1.0.1",
			"dev": true
		},
		"micromark-util-html-tag-name": {
			"version": "1.0.0",
			"dev": true
		},
		"micromark-util-normalize-identifier": {
			"version": "1.0.0",
			"dev": true,
			"requires": {
				"micromark-util-symbol": "^1.0.0"
			}
		},
		"micromark-util-resolve-all": {
			"version": "1.0.0",
			"dev": true,
			"requires": {
				"micromark-util-types": "^1.0.0"
			}
		},
		"micromark-util-sanitize-uri": {
			"version": "1.0.0",
			"dev": true,
			"requires": {
				"micromark-util-character": "^1.0.0",
				"micromark-util-encode": "^1.0.0",
				"micromark-util-symbol": "^1.0.0"
			}
		},
		"micromark-util-subtokenize": {
			"version": "1.0.2",
			"dev": true,
			"requires": {
				"micromark-util-chunked": "^1.0.0",
				"micromark-util-symbol": "^1.0.0",
				"micromark-util-types": "^1.0.0",
				"uvu": "^0.5.0"
			}
		},
		"micromark-util-symbol": {
			"version": "1.0.1",
			"dev": true
		},
		"micromark-util-types": {
			"version": "1.0.2",
			"dev": true
		},
		"mri": {
			"version": "1.2.0",
			"dev": true
		},
		"ms": {
			"version": "2.1.2",
			"dev": true
		},
		"object-inspect": {
			"version": "1.12.0",
			"resolved": "https://registry.npmjs.org/object-inspect/-/object-inspect-1.12.0.tgz",
			"integrity": "sha512-Ho2z80bVIvJloH+YzRmpZVQe87+qASmBUKZDWgx9cu+KDrX2ZDH/3tMy+gXbZETVGs2M8YdxObOh7XAtim9Y0g=="
		},
		"qs": {
			"version": "6.10.3",
			"resolved": "https://registry.npmjs.org/qs/-/qs-6.10.3.tgz",
			"integrity": "sha512-wr7M2E0OFRfIfJZjKGieI8lBKb7fRCH4Fv5KNPEs7gJ8jadvotdsS08PzOKR7opXhZ/Xkjtt3WF9g38drmyRqQ==",
			"requires": {
				"side-channel": "^1.0.4"
			}
		},
		"remark-gfm": {
			"version": "3.0.1",
			"dev": true,
			"requires": {
				"@types/mdast": "^3.0.0",
				"mdast-util-gfm": "^2.0.0",
				"micromark-extension-gfm": "^2.0.0",
				"unified": "^10.0.0"
			}
		},
		"remark-parse": {
			"version": "10.0.1",
			"dev": true,
			"requires": {
				"@types/mdast": "^3.0.0",
				"mdast-util-from-markdown": "^1.0.0",
				"unified": "^10.0.0"
			}
		},
		"remark-stringify": {
			"version": "10.0.2",
			"dev": true,
			"requires": {
				"@types/mdast": "^3.0.0",
				"mdast-util-to-markdown": "^1.0.0",
				"unified": "^10.0.0"
			}
		},
		"sade": {
			"version": "1.8.1",
			"dev": true,
			"requires": {
				"mri": "^1.1.0"
			}
		},
		"side-channel": {
			"version": "1.0.4",
			"resolved": "https://registry.npmjs.org/side-channel/-/side-channel-1.0.4.tgz",
			"integrity": "sha512-q5XPytqFEIKHkGdiMIrY10mvLRvnQh42/+GoBlFW3b2LXLE2xxJpZFdm94we0BaoV3RwJyGqg5wS7epxTv0Zvw==",
			"requires": {
				"call-bind": "^1.0.0",
				"get-intrinsic": "^1.0.2",
				"object-inspect": "^1.9.0"
			}
		},
		"trough": {
			"version": "2.0.2"
		},
		"unified": {
			"version": "10.1.1",
			"requires": {
				"@types/unist": "^2.0.0",
				"bail": "^2.0.0",
				"extend": "^3.0.0",
				"is-buffer": "^2.0.0",
				"is-plain-obj": "^4.0.0",
				"trough": "^2.0.0",
				"vfile": "^5.0.0"
			},
			"dependencies": {
				"is-buffer": {
					"version": "2.0.5"
				}
			}
		},
		"unist-util-is": {
			"version": "5.1.1",
			"dev": true
		},
		"unist-util-stringify-position": {
			"version": "3.0.0",
			"requires": {
				"@types/unist": "^2.0.0"
			}
		},
		"unist-util-visit": {
			"version": "4.1.0",
			"dev": true,
			"requires": {
				"@types/unist": "^2.0.0",
				"unist-util-is": "^5.0.0",
				"unist-util-visit-parents": "^5.0.0"
			},
			"dependencies": {
				"unist-util-visit-parents": {
					"version": "5.1.0",
					"dev": true,
					"requires": {
						"@types/unist": "^2.0.0",
						"unist-util-is": "^5.0.0"
					}
				}
			}
		},
		"unist-util-visit-parents": {
			"version": "4.1.1",
			"dev": true,
			"requires": {
				"@types/unist": "^2.0.0",
				"unist-util-is": "^5.0.0"
			}
		},
		"uvu": {
			"version": "0.5.3",
			"dev": true,
			"requires": {
				"dequal": "^2.0.0",
				"diff": "^5.0.0",
				"kleur": "^4.0.3",
				"sade": "^1.7.3"
			}
		},
		"vfile": {
			"version": "5.2.1",
			"requires": {
				"@types/unist": "^2.0.0",
				"is-buffer": "^2.0.0",
				"unist-util-stringify-position": "^3.0.0",
				"vfile-message": "^3.0.0"
			},
			"dependencies": {
				"is-buffer": {
					"version": "2.0.5"
				}
			}
		},
		"vfile-message": {
			"version": "3.1.0",
			"requires": {
				"@types/unist": "^2.0.0",
				"unist-util-stringify-position": "^3.0.0"
			}
		},
		"zwitch": {
			"version": "2.0.2",
			"dev": true
		}
	}
}
